
Microsoft Visual Studio Solution File, Format Version 12.00
# Visual Studio Version 17
VisualStudioVersion = 17.0.31903.59
MinimumVisualStudioVersion = 10.0.40219.1
Project("{2150E333-8FDC-42A3-9474-1A3956D46DE8}") = "src", "src", "{A1B2C3D4-E5F6-7890-ABCD-123456789000}"
EndProject
Project("{2150E333-8FDC-42A3-9474-1A3956D46DE8}") = "Services", "src\Services", "{A1B2C3D4-E5F6-7890-ABCD-123456789001}"
EndProject
Project("{2150E333-8FDC-42A3-9474-1A3956D46DE8}") = "Shared", "src\Shared", "{A1B2C3D4-E5F6-7890-ABCD-123456789002}"
EndProject
Project("{2150E333-8FDC-42A3-9474-1A3956D46DE8}") = "User", "src\Services\User", "{A1B2C3D4-E5F6-7890-ABCD-123456789003}"
EndProject
Project("{2150E333-8FDC-42A3-9474-1A3956D46DE8}") = "Chat", "src\Services\Chat", "{A1B2C3D4-E5F6-7890-ABCD-123456789004}"
EndProject
Project("{2150E333-8FDC-42A3-9474-1A3956D46DE8}") = "Notification", "src\Services\Notification", "{A1B2C3D4-E5F6-7890-ABCD-123456789005}"
EndProject
Project("{FAE04EC0-301F-11D3-BF4B-00C04F79EFBC}") = "LittleSoftChat.Shared.Contracts", "src\Shared\LittleSoftChat.Shared.Contracts\LittleSoftChat.Shared.Contracts.csproj", "{B1C2D3E4-F5G6-7890-ABCD-123456789010}"
EndProject
Project("{FAE04EC0-301F-11D3-BF4B-00C04F79EFBC}") = "LittleSoftChat.Shared.Domain", "src\Shared\LittleSoftChat.Shared.Domain\LittleSoftChat.Shared.Domain.csproj", "{B1C2D3E4-F5G6-7890-ABCD-123456789011}"
EndProject
Project("{FAE04EC0-301F-11D3-BF4B-00C04F79EFBC}") = "LittleSoftChat.Shared.Infrastructure", "src\Shared\LittleSoftChat.Shared.Infrastructure\LittleSoftChat.Shared.Infrastructure.csproj", "{B1C2D3E4-F5G6-7890-ABCD-123456789012}"
EndProject
Project("{FAE04EC0-301F-11D3-BF4B-00C04F79EFBC}") = "LittleSoftChat.User.API", "src\Services\User\LittleSoftChat.User.API\LittleSoftChat.User.API.csproj", "{C1D2E3F4-G5H6-7890-ABCD-123456789020}"
EndProject
Project("{FAE04EC0-301F-11D3-BF4B-00C04F79EFBC}") = "LittleSoftChat.User.Application", "src\Services\User\LittleSoftChat.User.Application\LittleSoftChat.User.Application.csproj", "{C1D2E3F4-G5H6-7890-ABCD-123456789021}"
EndProject
Project("{FAE04EC0-301F-11D3-BF4B-00C04F79EFBC}") = "LittleSoftChat.User.Domain", "src\Services\User\LittleSoftChat.User.Domain\LittleSoftChat.User.Domain.csproj", "{C1D2E3F4-G5H6-7890-ABCD-123456789022}"
EndProject
Project("{FAE04EC0-301F-11D3-BF4B-00C04F79EFBC}") = "LittleSoftChat.User.Infrastructure", "src\Services\User\LittleSoftChat.User.Infrastructure\LittleSoftChat.User.Infrastructure.csproj", "{C1D2E3F4-G5H6-7890-ABCD-123456789023}"
EndProject
Project("{FAE04EC0-301F-11D3-BF4B-00C04F79EFBC}") = "LittleSoftChat.Chat.API", "src\Services\Chat\LittleSoftChat.Chat.API\LittleSoftChat.Chat.API.csproj", "{D1E2F3G4-H5I6-7890-ABCD-123456789030}"
EndProject
Project("{FAE04EC0-301F-11D3-BF4B-00C04F79EFBC}") = "LittleSoftChat.Chat.Application", "src\Services\Chat\LittleSoftChat.Chat.Application\LittleSoftChat.Chat.Application.csproj", "{D1E2F3G4-H5I6-7890-ABCD-123456789031}"
EndProject
Project("{FAE04EC0-301F-11D3-BF4B-00C04F79EFBC}") = "LittleSoftChat.Chat.Domain", "src\Services\Chat\LittleSoftChat.Chat.Domain\LittleSoftChat.Chat.Domain.csproj", "{D1E2F3G4-H5I6-7890-ABCD-123456789032}"
EndProject
Project("{FAE04EC0-301F-11D3-BF4B-00C04F79EFBC}") = "LittleSoftChat.Chat.Infrastructure", "src\Services\Chat\LittleSoftChat.Chat.Infrastructure\LittleSoftChat.Chat.Infrastructure.csproj", "{D1E2F3G4-H5I6-7890-ABCD-123456789033}"
EndProject
Project("{FAE04EC0-301F-11D3-BF4B-00C04F79EFBC}") = "LittleSoftChat.Notification.API", "src\Services\Notification\LittleSoftChat.Notification.API\LittleSoftChat.Notification.API.csproj", "{E1F2G3H4-I5J6-7890-ABCD-123456789040}"
EndProject
Project("{FAE04EC0-301F-11D3-BF4B-00C04F79EFBC}") = "LittleSoftChat.Notification.Application", "src\Services\Notification\LittleSoftChat.Notification.Application\LittleSoftChat.Notification.Application.csproj", "{E1F2G3H4-I5J6-7890-ABCD-123456789041}"
EndProject
Project("{FAE04EC0-301F-11D3-BF4B-00C04F79EFBC}") = "LittleSoftChat.Notification.Domain", "src\Services\Notification\LittleSoftChat.Notification.Domain\LittleSoftChat.Notification.Domain.csproj", "{E1F2G3H4-I5J6-7890-ABCD-123456789042}"
EndProject
Project("{FAE04EC0-301F-11D3-BF4B-00C04F79EFBC}") = "LittleSoftChat.Notification.Infrastructure", "src\Services\Notification\LittleSoftChat.Notification.Infrastructure\LittleSoftChat.Notification.Infrastructure.csproj", "{E1F2G3H4-I5J6-7890-ABCD-123456789043}"
EndProject
Global
	GlobalSection(SolutionConfigurationPlatforms) = preSolution
		Debug|Any CPU = Debug|Any CPU
		Release|Any CPU = Release|Any CPU
	EndGlobalSection
	GlobalSection(ProjectConfigurationPlatforms) = postSolution
		{B1C2D3E4-F5G6-7890-ABCD-123456789010}.Debug|Any CPU.ActiveCfg = Debug|Any CPU
		{B1C2D3E4-F5G6-7890-ABCD-123456789010}.Debug|Any CPU.Build.0 = Debug|Any CPU
		{B1C2D3E4-F5G6-7890-ABCD-123456789010}.Release|Any CPU.ActiveCfg = Release|Any CPU
		{B1C2D3E4-F5G6-7890-ABCD-123456789010}.Release|Any CPU.Build.0 = Release|Any CPU
		{B1C2D3E4-F5G6-7890-ABCD-123456789011}.Debug|Any CPU.ActiveCfg = Debug|Any CPU
		{B1C2D3E4-F5G6-7890-ABCD-123456789011}.Debug|Any CPU.Build.0 = Debug|Any CPU
		{B1C2D3E4-F5G6-7890-ABCD-123456789011}.Release|Any CPU.ActiveCfg = Release|Any CPU
		{B1C2D3E4-F5G6-7890-ABCD-123456789011}.Release|Any CPU.Build.0 = Release|Any CPU
		{B1C2D3E4-F5G6-7890-ABCD-123456789012}.Debug|Any CPU.ActiveCfg = Debug|Any CPU
		{B1C2D3E4-F5G6-7890-ABCD-123456789012}.Debug|Any CPU.Build.0 = Debug|Any CPU
		{B1C2D3E4-F5G6-7890-ABCD-123456789012}.Release|Any CPU.ActiveCfg = Release|Any CPU
		{B1C2D3E4-F5G6-7890-ABCD-123456789012}.Release|Any CPU.Build.0 = Release|Any CPU
		{C1D2E3F4-G5H6-7890-ABCD-123456789020}.Debug|Any CPU.ActiveCfg = Debug|Any CPU
		{C1D2E3F4-G5H6-7890-ABCD-123456789020}.Debug|Any CPU.Build.0 = Debug|Any CPU
		{C1D2E3F4-G5H6-7890-ABCD-123456789020}.Release|Any CPU.ActiveCfg = Release|Any CPU
		{C1D2E3F4-G5H6-7890-ABCD-123456789020}.Release|Any CPU.Build.0 = Release|Any CPU
		{C1D2E3F4-G5H6-7890-ABCD-123456789021}.Debug|Any CPU.ActiveCfg = Debug|Any CPU
		{C1D2E3F4-G5H6-7890-ABCD-123456789021}.Debug|Any CPU.Build.0 = Debug|Any CPU
		{C1D2E3F4-G5H6-7890-ABCD-123456789021}.Release|Any CPU.ActiveCfg = Release|Any CPU
		{C1D2E3F4-G5H6-7890-ABCD-123456789021}.Release|Any CPU.Build.0 = Release|Any CPU
		{C1D2E3F4-G5H6-7890-ABCD-123456789022}.Debug|Any CPU.ActiveCfg = Debug|Any CPU
		{C1D2E3F4-G5H6-7890-ABCD-123456789022}.Debug|Any CPU.Build.0 = Debug|Any CPU
		{C1D2E3F4-G5H6-7890-ABCD-123456789022}.Release|Any CPU.ActiveCfg = Release|Any CPU
		{C1D2E3F4-G5H6-7890-ABCD-123456789022}.Release|Any CPU.Build.0 = Release|Any CPU
		{C1D2E3F4-G5H6-7890-ABCD-123456789023}.Debug|Any CPU.ActiveCfg = Debug|Any CPU
		{C1D2E3F4-G5H6-7890-ABCD-123456789023}.Debug|Any CPU.Build.0 = Debug|Any CPU
		{C1D2E3F4-G5H6-7890-ABCD-123456789023}.Release|Any CPU.ActiveCfg = Release|Any CPU
		{C1D2E3F4-G5H6-7890-ABCD-123456789023}.Release|Any CPU.Build.0 = Release|Any CPU
		{D1E2F3G4-H5I6-7890-ABCD-123456789030}.Debug|Any CPU.ActiveCfg = Debug|Any CPU
		{D1E2F3G4-H5I6-7890-ABCD-123456789030}.Debug|Any CPU.Build.0 = Debug|Any CPU
		{D1E2F3G4-H5I6-7890-ABCD-123456789030}.Release|Any CPU.ActiveCfg = Release|Any CPU
		{D1E2F3G4-H5I6-7890-ABCD-123456789030}.Release|Any CPU.Build.0 = Release|Any CPU
		{D1E2F3G4-H5I6-7890-ABCD-123456789031}.Debug|Any CPU.ActiveCfg = Debug|Any CPU
		{D1E2F3G4-H5I6-7890-ABCD-123456789031}.Debug|Any CPU.Build.0 = Debug|Any CPU
		{D1E2F3G4-H5I6-7890-ABCD-123456789031}.Release|Any CPU.ActiveCfg = Release|Any CPU
		{D1E2F3G4-H5I6-7890-ABCD-123456789031}.Release|Any CPU.Build.0 = Release|Any CPU
		{D1E2F3G4-H5I6-7890-ABCD-123456789032}.Debug|Any CPU.ActiveCfg = Debug|Any CPU
		{D1E2F3G4-H5I6-7890-ABCD-123456789032}.Debug|Any CPU.Build.0 = Debug|Any CPU
		{D1E2F3G4-H5I6-7890-ABCD-123456789032}.Release|Any CPU.ActiveCfg = Release|Any CPU
		{D1E2F3G4-H5I6-7890-ABCD-123456789032}.Release|Any CPU.Build.0 = Release|Any CPU
		{D1E2F3G4-H5I6-7890-ABCD-123456789033}.Debug|Any CPU.ActiveCfg = Debug|Any CPU
		{D1E2F3G4-H5I6-7890-ABCD-123456789033}.Debug|Any CPU.Build.0 = Debug|Any CPU
		{D1E2F3G4-H5I6-7890-ABCD-123456789033}.Release|Any CPU.ActiveCfg = Release|Any CPU
		{D1E2F3G4-H5I6-7890-ABCD-123456789033}.Release|Any CPU.Build.0 = Release|Any CPU
		{E1F2G3H4-I5J6-7890-ABCD-123456789040}.Debug|Any CPU.ActiveCfg = Debug|Any CPU
		{E1F2G3H4-I5J6-7890-ABCD-123456789040}.Debug|Any CPU.Build.0 = Debug|Any CPU
		{E1F2G3H4-I5J6-7890-ABCD-123456789040}.Release|Any CPU.ActiveCfg = Release|Any CPU
		{E1F2G3H4-I5J6-7890-ABCD-123456789040}.Release|Any CPU.Build.0 = Release|Any CPU
		{E1F2G3H4-I5J6-7890-ABCD-123456789041}.Debug|Any CPU.ActiveCfg = Debug|Any CPU
		{E1F2G3H4-I5J6-7890-ABCD-123456789041}.Debug|Any CPU.Build.0 = Debug|Any CPU
		{E1F2G3H4-I5J6-7890-ABCD-123456789041}.Release|Any CPU.ActiveCfg = Release|Any CPU
		{E1F2G3H4-I5J6-7890-ABCD-123456789041}.Release|Any CPU.Build.0 = Release|Any CPU
		{E1F2G3H4-I5J6-7890-ABCD-123456789042}.Debug|Any CPU.ActiveCfg = Debug|Any CPU
		{E1F2G3H4-I5J6-7890-ABCD-123456789042}.Debug|Any CPU.Build.0 = Debug|Any CPU
		{E1F2G3H4-I5J6-7890-ABCD-123456789042}.Release|Any CPU.ActiveCfg = Release|Any CPU
		{E1F2G3H4-I5J6-7890-ABCD-123456789042}.Release|Any CPU.Build.0 = Release|Any CPU
		{E1F2G3H4-I5J6-7890-ABCD-123456789043}.Debug|Any CPU.ActiveCfg = Debug|Any CPU
		{E1F2G3H4-I5J6-7890-ABCD-123456789043}.Debug|Any CPU.Build.0 = Debug|Any CPU
		{E1F2G3H4-I5J6-7890-ABCD-123456789043}.Release|Any CPU.ActiveCfg = Release|Any CPU
		{E1F2G3H4-I5J6-7890-ABCD-123456789043}.Release|Any CPU.Build.0 = Release|Any CPU
	EndGlobalSection
	GlobalSection(NestedProjects) = preSolution
		{A1B2C3D4-E5F6-7890-ABCD-123456789001} = {A1B2C3D4-E5F6-7890-ABCD-123456789000}
		{A1B2C3D4-E5F6-7890-ABCD-123456789002} = {A1B2C3D4-E5F6-7890-ABCD-123456789000}
		{A1B2C3D4-E5F6-7890-ABCD-123456789003} = {A1B2C3D4-E5F6-7890-ABCD-123456789001}
		{A1B2C3D4-E5F6-7890-ABCD-123456789004} = {A1B2C3D4-E5F6-7890-ABCD-123456789001}
		{A1B2C3D4-E5F6-7890-ABCD-123456789005} = {A1B2C3D4-E5F6-7890-ABCD-123456789001}
		{B1C2D3E4-F5G6-7890-ABCD-123456789010} = {A1B2C3D4-E5F6-7890-ABCD-123456789002}
		{B1C2D3E4-F5G6-7890-ABCD-123456789011} = {A1B2C3D4-E5F6-7890-ABCD-123456789002}
		{B1C2D3E4-F5G6-7890-ABCD-123456789012} = {A1B2C3D4-E5F6-7890-ABCD-123456789002}
		{C1D2E3F4-G5H6-7890-ABCD-123456789020} = {A1B2C3D4-E5F6-7890-ABCD-123456789003}
		{C1D2E3F4-G5H6-7890-ABCD-123456789021} = {A1B2C3D4-E5F6-7890-ABCD-123456789003}
		{C1D2E3F4-G5H6-7890-ABCD-123456789022} = {A1B2C3D4-E5F6-7890-ABCD-123456789003}
		{C1D2E3F4-G5H6-7890-ABCD-123456789023} = {A1B2C3D4-E5F6-7890-ABCD-123456789003}
		{D1E2F3G4-H5I6-7890-ABCD-123456789030} = {A1B2C3D4-E5F6-7890-ABCD-123456789004}
		{D1E2F3G4-H5I6-7890-ABCD-123456789031} = {A1B2C3D4-E5F6-7890-ABCD-123456789004}
		{D1E2F3G4-H5I6-7890-ABCD-123456789032} = {A1B2C3D4-E5F6-7890-ABCD-123456789004}
		{D1E2F3G4-H5I6-7890-ABCD-123456789033} = {A1B2C3D4-E5F6-7890-ABCD-123456789004}
		{E1F2G3H4-I5J6-7890-ABCD-123456789040} = {A1B2C3D4-E5F6-7890-ABCD-123456789005}
		{E1F2G3H4-I5J6-7890-ABCD-123456789041} = {A1B2C3D4-E5F6-7890-ABCD-123456789005}
		{E1F2G3H4-I5J6-7890-ABCD-123456789042} = {A1B2C3D4-E5F6-7890-ABCD-123456789005}
		{E1F2G3H4-I5J6-7890-ABCD-123456789043} = {A1B2C3D4-E5F6-7890-ABCD-123456789005}
	EndGlobalSection
	GlobalSection(SolutionProperties) = preSolution
		HideSolutionNode = FALSE
	EndGlobalSection
EndGlobal
