
Microsoft Visual Studio Solution File, Format Version 12.00
# Visual Studio Version 17
VisualStudioVersion = 17.0.31903.59
MinimumVisualStudioVersion = 10.0.40219.1

# Solution folders
Project("{2150E333-8FDC-42A3-9474-1A3956D46DE8}") = "src", "src", "{827E0CD3-B72D-47B6-A68D-7590B98EB39B}"
EndProject
Project("{2150E333-8FDC-42A3-9474-1A3956D46DE8}") = "Services", "Services", "{F1B2C3D4-5678-9ABC-DEF0-123456789ABC}"
EndProject
Project("{2150E333-8FDC-42A3-9474-1A3956D46DE8}") = "User", "User", "{A1B2C3D4-5678-9ABC-DEF0-123456789DEF}"
EndProject
Project("{2150E333-8FDC-42A3-9474-1A3956D46DE8}") = "Chat", "Chat", "{B1B2C3D4-5678-9ABC-DEF0-123456789DEF}"
EndProject
Project("{2150E333-8FDC-42A3-9474-1A3956D46DE8}") = "Notification", "Notification", "{C1B2C3D4-5678-9ABC-DEF0-123456789DEF}"
EndProject
Project("{2150E333-8FDC-42A3-9474-1A3956D46DE8}") = "Shared", "Shared", "{D1B2C3D4-5678-9ABC-DEF0-123456789DEF}"
EndProject
Project("{2150E333-8FDC-42A3-9474-1A3956D46DE8}") = "Gateway", "Gateway", "{6306A8FB-679E-111F-6585-8F70E0EE6013}"
EndProject
Project("{2150E333-8FDC-42A3-9474-1A3956D46DE8}") = "Tools", "Tools", "{E1B2C3D4-5678-9ABC-DEF0-123456789DEF}"
EndProject

# Shared Projects
Project("{FAE04EC0-301F-11D3-BF4B-00C04F79EFBC}") = "LittleSoftChat.Shared.Contracts", "src\Shared\LittleSoftChat.Shared.Contracts\LittleSoftChat.Shared.Contracts.csproj", "{495B7818-4D63-5BD5-F733-277A2F628629}"
EndProject
Project("{FAE04EC0-301F-11D3-BF4B-00C04F79EFBC}") = "LittleSoftChat.Shared.Domain", "src\Shared\LittleSoftChat.Shared.Domain\LittleSoftChat.Shared.Domain.csproj", "{C31085D7-251E-AA7B-C206-391506F7C005}"
EndProject
Project("{FAE04EC0-301F-11D3-BF4B-00C04F79EFBC}") = "LittleSoftChat.Shared.Infrastructure", "src\Shared\LittleSoftChat.Shared.Infrastructure\LittleSoftChat.Shared.Infrastructure.csproj", "{7610D175-E02E-6378-855D-522A753908A2}"
EndProject

# User Service Projects
Project("{FAE04EC0-301F-11D3-BF4B-00C04F79EFBC}") = "LittleSoftChat.User.Domain", "src\Services\User\LittleSoftChat.User.Domain\LittleSoftChat.User.Domain.csproj", "{25E5B15F-6824-601B-A2A2-B1EE2BEF1328}"
EndProject
Project("{FAE04EC0-301F-11D3-BF4B-00C04F79EFBC}") = "LittleSoftChat.User.Application", "src\Services\User\LittleSoftChat.User.Application\LittleSoftChat.User.Application.csproj", "{76CDB4B8-B987-9AA8-0BC7-E6E1FCDA72CE}"
EndProject
Project("{FAE04EC0-301F-11D3-BF4B-00C04F79EFBC}") = "LittleSoftChat.User.Infrastructure", "src\Services\User\LittleSoftChat.User.Infrastructure\LittleSoftChat.User.Infrastructure.csproj", "{1701B8FF-7FE9-9002-7ECF-AA152A82F2BD}"
EndProject
Project("{FAE04EC0-301F-11D3-BF4B-00C04F79EFBC}") = "LittleSoftChat.User.Presentation", "src\Services\User\LittleSoftChat.User.Presentation\LittleSoftChat.User.Presentation.csproj", "{7D354EDE-68D2-77AA-8C85-A8EA85C606B8}"
EndProject

# Chat Service Projects
Project("{FAE04EC0-301F-11D3-BF4B-00C04F79EFBC}") = "LittleSoftChat.Chat.Domain", "src\Services\Chat\LittleSoftChat.Chat.Domain\LittleSoftChat.Chat.Domain.csproj", "{74F845A6-D367-0331-2D58-D6604B4E8DAD}"
EndProject
Project("{FAE04EC0-301F-11D3-BF4B-00C04F79EFBC}") = "LittleSoftChat.Chat.Application", "src\Services\Chat\LittleSoftChat.Chat.Application\LittleSoftChat.Chat.Application.csproj", "{2805D6DE-5C0E-96A7-2332-4D24AAAD3581}"
EndProject
Project("{FAE04EC0-301F-11D3-BF4B-00C04F79EFBC}") = "LittleSoftChat.Chat.Infrastructure", "src\Services\Chat\LittleSoftChat.Chat.Infrastructure\LittleSoftChat.Chat.Infrastructure.csproj", "{BED3D632-8F22-15A9-C81A-AF1A9D2E9A86}"
EndProject
Project("{FAE04EC0-301F-11D3-BF4B-00C04F79EFBC}") = "LittleSoftChat.Chat.Presentation", "src\Services\Chat\LittleSoftChat.Chat.Presentation\LittleSoftChat.Chat.Presentation.csproj", "{86CE05D2-D2CF-1ED1-23DD-8459FD9DE1DF}"
EndProject

# Notification Service Projects
Project("{FAE04EC0-301F-11D3-BF4B-00C04F79EFBC}") = "LittleSoftChat.Notification.Domain", "src\Services\Notification\LittleSoftChat.Notification.Domain\LittleSoftChat.Notification.Domain.csproj", "{071656A5-1763-3519-9A79-441180AF7C1B}"
EndProject
Project("{FAE04EC0-301F-11D3-BF4B-00C04F79EFBC}") = "LittleSoftChat.Notification.Application", "src\Services\Notification\LittleSoftChat.Notification.Application\LittleSoftChat.Notification.Application.csproj", "{054BF138-27A1-0031-ED9D-7327000CABAC}"
EndProject
Project("{FAE04EC0-301F-11D3-BF4B-00C04F79EFBC}") = "LittleSoftChat.Notification.Infrastructure", "src\Services\Notification\LittleSoftChat.Notification.Infrastructure\LittleSoftChat.Notification.Infrastructure.csproj", "{88FD7C21-78EC-9CEA-633D-397F60AC407B}"
EndProject
Project("{FAE04EC0-301F-11D3-BF4B-00C04F79EFBC}") = "LittleSoftChat.Notification.Presentation", "src\Services\Notification\LittleSoftChat.Notification.Presentation\LittleSoftChat.Notification.Presentation.csproj", "{C58C4B9F-34F8-139A-E6C1-073701F28D0E}"
EndProject

# Gateway Projects
Project("{FAE04EC0-301F-11D3-BF4B-00C04F79EFBC}") = "LittleSoftChat.Gateway.Presentation", "src\Gateway\LittleSoftChat.Gateway.Presentation\LittleSoftChat.Gateway.Presentation.csproj", "{B7CA1198-CDC1-4243-9933-B3EC6CA081B1}"
EndProject

# Tools Projects
Project("{FAE04EC0-301F-11D3-BF4B-00C04F79EFBC}") = "LittleSoftChat.Database.Migration", "src\Tools\LittleSoftChat.Database.Migration\LittleSoftChat.Database.Migration.csproj", "{F1F2F3F4-F5F6-F7F8-F9FA-FBFCFDFEFF00}"
EndProject
Global
	GlobalSection(SolutionConfigurationPlatforms) = preSolution
		Debug|Any CPU = Debug|Any CPU
		Debug|x64 = Debug|x64
		Debug|x86 = Debug|x86
		Release|Any CPU = Release|Any CPU
		Release|x64 = Release|x64
		Release|x86 = Release|x86
	EndGlobalSection
	GlobalSection(ProjectConfigurationPlatforms) = postSolution
		{495B7818-4D63-5BD5-F733-277A2F628629}.Debug|Any CPU.ActiveCfg = Debug|Any CPU
		{495B7818-4D63-5BD5-F733-277A2F628629}.Debug|Any CPU.Build.0 = Debug|Any CPU
		{495B7818-4D63-5BD5-F733-277A2F628629}.Debug|x64.ActiveCfg = Debug|Any CPU
		{495B7818-4D63-5BD5-F733-277A2F628629}.Debug|x64.Build.0 = Debug|Any CPU
		{495B7818-4D63-5BD5-F733-277A2F628629}.Debug|x86.ActiveCfg = Debug|Any CPU
		{495B7818-4D63-5BD5-F733-277A2F628629}.Debug|x86.Build.0 = Debug|Any CPU
		{495B7818-4D63-5BD5-F733-277A2F628629}.Release|Any CPU.ActiveCfg = Release|Any CPU
		{495B7818-4D63-5BD5-F733-277A2F628629}.Release|Any CPU.Build.0 = Release|Any CPU
		{495B7818-4D63-5BD5-F733-277A2F628629}.Release|x64.ActiveCfg = Release|Any CPU
		{495B7818-4D63-5BD5-F733-277A2F628629}.Release|x64.Build.0 = Release|Any CPU
		{495B7818-4D63-5BD5-F733-277A2F628629}.Release|x86.ActiveCfg = Release|Any CPU
		{495B7818-4D63-5BD5-F733-277A2F628629}.Release|x86.Build.0 = Release|Any CPU
		{C31085D7-251E-AA7B-C206-391506F7C005}.Debug|Any CPU.ActiveCfg = Debug|Any CPU
		{C31085D7-251E-AA7B-C206-391506F7C005}.Debug|Any CPU.Build.0 = Debug|Any CPU
		{C31085D7-251E-AA7B-C206-391506F7C005}.Debug|x64.ActiveCfg = Debug|Any CPU
		{C31085D7-251E-AA7B-C206-391506F7C005}.Debug|x64.Build.0 = Debug|Any CPU
		{C31085D7-251E-AA7B-C206-391506F7C005}.Debug|x86.ActiveCfg = Debug|Any CPU
		{C31085D7-251E-AA7B-C206-391506F7C005}.Debug|x86.Build.0 = Debug|Any CPU
		{C31085D7-251E-AA7B-C206-391506F7C005}.Release|Any CPU.ActiveCfg = Release|Any CPU
		{C31085D7-251E-AA7B-C206-391506F7C005}.Release|Any CPU.Build.0 = Release|Any CPU
		{C31085D7-251E-AA7B-C206-391506F7C005}.Release|x64.ActiveCfg = Release|Any CPU
		{C31085D7-251E-AA7B-C206-391506F7C005}.Release|x64.Build.0 = Release|Any CPU
		{C31085D7-251E-AA7B-C206-391506F7C005}.Release|x86.ActiveCfg = Release|Any CPU
		{C31085D7-251E-AA7B-C206-391506F7C005}.Release|x86.Build.0 = Release|Any CPU
		{7610D175-E02E-6378-855D-522A753908A2}.Debug|Any CPU.ActiveCfg = Debug|Any CPU
		{7610D175-E02E-6378-855D-522A753908A2}.Debug|Any CPU.Build.0 = Debug|Any CPU
		{7610D175-E02E-6378-855D-522A753908A2}.Debug|x64.ActiveCfg = Debug|Any CPU
		{7610D175-E02E-6378-855D-522A753908A2}.Debug|x64.Build.0 = Debug|Any CPU
		{7610D175-E02E-6378-855D-522A753908A2}.Debug|x86.ActiveCfg = Debug|Any CPU
		{7610D175-E02E-6378-855D-522A753908A2}.Debug|x86.Build.0 = Debug|Any CPU
		{7610D175-E02E-6378-855D-522A753908A2}.Release|Any CPU.ActiveCfg = Release|Any CPU
		{7610D175-E02E-6378-855D-522A753908A2}.Release|Any CPU.Build.0 = Release|Any CPU
		{7610D175-E02E-6378-855D-522A753908A2}.Release|x64.ActiveCfg = Release|Any CPU
		{7610D175-E02E-6378-855D-522A753908A2}.Release|x64.Build.0 = Release|Any CPU
		{7610D175-E02E-6378-855D-522A753908A2}.Release|x86.ActiveCfg = Release|Any CPU
		{7610D175-E02E-6378-855D-522A753908A2}.Release|x86.Build.0 = Release|Any CPU
		{25E5B15F-6824-601B-A2A2-B1EE2BEF1328}.Debug|Any CPU.ActiveCfg = Debug|Any CPU
		{25E5B15F-6824-601B-A2A2-B1EE2BEF1328}.Debug|Any CPU.Build.0 = Debug|Any CPU
		{25E5B15F-6824-601B-A2A2-B1EE2BEF1328}.Debug|x64.ActiveCfg = Debug|Any CPU
		{25E5B15F-6824-601B-A2A2-B1EE2BEF1328}.Debug|x64.Build.0 = Debug|Any CPU
		{25E5B15F-6824-601B-A2A2-B1EE2BEF1328}.Debug|x86.ActiveCfg = Debug|Any CPU
		{25E5B15F-6824-601B-A2A2-B1EE2BEF1328}.Debug|x86.Build.0 = Debug|Any CPU
		{25E5B15F-6824-601B-A2A2-B1EE2BEF1328}.Release|Any CPU.ActiveCfg = Release|Any CPU
		{25E5B15F-6824-601B-A2A2-B1EE2BEF1328}.Release|Any CPU.Build.0 = Release|Any CPU
		{25E5B15F-6824-601B-A2A2-B1EE2BEF1328}.Release|x64.ActiveCfg = Release|Any CPU
		{25E5B15F-6824-601B-A2A2-B1EE2BEF1328}.Release|x64.Build.0 = Release|Any CPU
		{25E5B15F-6824-601B-A2A2-B1EE2BEF1328}.Release|x86.ActiveCfg = Release|Any CPU
		{25E5B15F-6824-601B-A2A2-B1EE2BEF1328}.Release|x86.Build.0 = Release|Any CPU
		{76CDB4B8-B987-9AA8-0BC7-E6E1FCDA72CE}.Debug|Any CPU.ActiveCfg = Debug|Any CPU
		{76CDB4B8-B987-9AA8-0BC7-E6E1FCDA72CE}.Debug|Any CPU.Build.0 = Debug|Any CPU
		{76CDB4B8-B987-9AA8-0BC7-E6E1FCDA72CE}.Debug|x64.ActiveCfg = Debug|Any CPU
		{76CDB4B8-B987-9AA8-0BC7-E6E1FCDA72CE}.Debug|x64.Build.0 = Debug|Any CPU
		{76CDB4B8-B987-9AA8-0BC7-E6E1FCDA72CE}.Debug|x86.ActiveCfg = Debug|Any CPU
		{76CDB4B8-B987-9AA8-0BC7-E6E1FCDA72CE}.Debug|x86.Build.0 = Debug|Any CPU
		{76CDB4B8-B987-9AA8-0BC7-E6E1FCDA72CE}.Release|Any CPU.ActiveCfg = Release|Any CPU
		{76CDB4B8-B987-9AA8-0BC7-E6E1FCDA72CE}.Release|Any CPU.Build.0 = Release|Any CPU
		{76CDB4B8-B987-9AA8-0BC7-E6E1FCDA72CE}.Release|x64.ActiveCfg = Release|Any CPU
		{76CDB4B8-B987-9AA8-0BC7-E6E1FCDA72CE}.Release|x64.Build.0 = Release|Any CPU
		{76CDB4B8-B987-9AA8-0BC7-E6E1FCDA72CE}.Release|x86.ActiveCfg = Release|Any CPU
		{76CDB4B8-B987-9AA8-0BC7-E6E1FCDA72CE}.Release|x86.Build.0 = Release|Any CPU
		{1701B8FF-7FE9-9002-7ECF-AA152A82F2BD}.Debug|Any CPU.ActiveCfg = Debug|Any CPU
		{1701B8FF-7FE9-9002-7ECF-AA152A82F2BD}.Debug|Any CPU.Build.0 = Debug|Any CPU
		{1701B8FF-7FE9-9002-7ECF-AA152A82F2BD}.Debug|x64.ActiveCfg = Debug|Any CPU
		{1701B8FF-7FE9-9002-7ECF-AA152A82F2BD}.Debug|x64.Build.0 = Debug|Any CPU
		{1701B8FF-7FE9-9002-7ECF-AA152A82F2BD}.Debug|x86.ActiveCfg = Debug|Any CPU
		{1701B8FF-7FE9-9002-7ECF-AA152A82F2BD}.Debug|x86.Build.0 = Debug|Any CPU
		{1701B8FF-7FE9-9002-7ECF-AA152A82F2BD}.Release|Any CPU.ActiveCfg = Release|Any CPU
		{1701B8FF-7FE9-9002-7ECF-AA152A82F2BD}.Release|Any CPU.Build.0 = Release|Any CPU
		{1701B8FF-7FE9-9002-7ECF-AA152A82F2BD}.Release|x64.ActiveCfg = Release|Any CPU
		{1701B8FF-7FE9-9002-7ECF-AA152A82F2BD}.Release|x64.Build.0 = Release|Any CPU
		{1701B8FF-7FE9-9002-7ECF-AA152A82F2BD}.Release|x86.ActiveCfg = Release|Any CPU
		{1701B8FF-7FE9-9002-7ECF-AA152A82F2BD}.Release|x86.Build.0 = Release|Any CPU
		{7D354EDE-68D2-77AA-8C85-A8EA85C606B8}.Debug|Any CPU.ActiveCfg = Debug|Any CPU
		{7D354EDE-68D2-77AA-8C85-A8EA85C606B8}.Debug|Any CPU.Build.0 = Debug|Any CPU
		{7D354EDE-68D2-77AA-8C85-A8EA85C606B8}.Debug|x64.ActiveCfg = Debug|Any CPU
		{7D354EDE-68D2-77AA-8C85-A8EA85C606B8}.Debug|x64.Build.0 = Debug|Any CPU
		{7D354EDE-68D2-77AA-8C85-A8EA85C606B8}.Debug|x86.ActiveCfg = Debug|Any CPU
		{7D354EDE-68D2-77AA-8C85-A8EA85C606B8}.Debug|x86.Build.0 = Debug|Any CPU
		{7D354EDE-68D2-77AA-8C85-A8EA85C606B8}.Release|Any CPU.ActiveCfg = Release|Any CPU
		{7D354EDE-68D2-77AA-8C85-A8EA85C606B8}.Release|Any CPU.Build.0 = Release|Any CPU
		{7D354EDE-68D2-77AA-8C85-A8EA85C606B8}.Release|x64.ActiveCfg = Release|Any CPU
		{7D354EDE-68D2-77AA-8C85-A8EA85C606B8}.Release|x64.Build.0 = Release|Any CPU
		{7D354EDE-68D2-77AA-8C85-A8EA85C606B8}.Release|x86.ActiveCfg = Release|Any CPU
		{7D354EDE-68D2-77AA-8C85-A8EA85C606B8}.Release|x86.Build.0 = Release|Any CPU
		{74F845A6-D367-0331-2D58-D6604B4E8DAD}.Debug|Any CPU.ActiveCfg = Debug|Any CPU
		{74F845A6-D367-0331-2D58-D6604B4E8DAD}.Debug|Any CPU.Build.0 = Debug|Any CPU
		{74F845A6-D367-0331-2D58-D6604B4E8DAD}.Debug|x64.ActiveCfg = Debug|Any CPU
		{74F845A6-D367-0331-2D58-D6604B4E8DAD}.Debug|x64.Build.0 = Debug|Any CPU
		{74F845A6-D367-0331-2D58-D6604B4E8DAD}.Debug|x86.ActiveCfg = Debug|Any CPU
		{74F845A6-D367-0331-2D58-D6604B4E8DAD}.Debug|x86.Build.0 = Debug|Any CPU
		{74F845A6-D367-0331-2D58-D6604B4E8DAD}.Release|Any CPU.ActiveCfg = Release|Any CPU
		{74F845A6-D367-0331-2D58-D6604B4E8DAD}.Release|Any CPU.Build.0 = Release|Any CPU
		{74F845A6-D367-0331-2D58-D6604B4E8DAD}.Release|x64.ActiveCfg = Release|Any CPU
		{74F845A6-D367-0331-2D58-D6604B4E8DAD}.Release|x64.Build.0 = Release|Any CPU
		{74F845A6-D367-0331-2D58-D6604B4E8DAD}.Release|x86.ActiveCfg = Release|Any CPU
		{74F845A6-D367-0331-2D58-D6604B4E8DAD}.Release|x86.Build.0 = Release|Any CPU
		{2805D6DE-5C0E-96A7-2332-4D24AAAD3581}.Debug|Any CPU.ActiveCfg = Debug|Any CPU
		{2805D6DE-5C0E-96A7-2332-4D24AAAD3581}.Debug|Any CPU.Build.0 = Debug|Any CPU
		{2805D6DE-5C0E-96A7-2332-4D24AAAD3581}.Debug|x64.ActiveCfg = Debug|Any CPU
		{2805D6DE-5C0E-96A7-2332-4D24AAAD3581}.Debug|x64.Build.0 = Debug|Any CPU
		{2805D6DE-5C0E-96A7-2332-4D24AAAD3581}.Debug|x86.ActiveCfg = Debug|Any CPU
		{2805D6DE-5C0E-96A7-2332-4D24AAAD3581}.Debug|x86.Build.0 = Debug|Any CPU
		{2805D6DE-5C0E-96A7-2332-4D24AAAD3581}.Release|Any CPU.ActiveCfg = Release|Any CPU
		{2805D6DE-5C0E-96A7-2332-4D24AAAD3581}.Release|Any CPU.Build.0 = Release|Any CPU
		{2805D6DE-5C0E-96A7-2332-4D24AAAD3581}.Release|x64.ActiveCfg = Release|Any CPU
		{2805D6DE-5C0E-96A7-2332-4D24AAAD3581}.Release|x64.Build.0 = Release|Any CPU
		{2805D6DE-5C0E-96A7-2332-4D24AAAD3581}.Release|x86.ActiveCfg = Release|Any CPU
		{2805D6DE-5C0E-96A7-2332-4D24AAAD3581}.Release|x86.Build.0 = Release|Any CPU
		{BED3D632-8F22-15A9-C81A-AF1A9D2E9A86}.Debug|Any CPU.ActiveCfg = Debug|Any CPU
		{BED3D632-8F22-15A9-C81A-AF1A9D2E9A86}.Debug|Any CPU.Build.0 = Debug|Any CPU
		{BED3D632-8F22-15A9-C81A-AF1A9D2E9A86}.Debug|x64.ActiveCfg = Debug|Any CPU
		{BED3D632-8F22-15A9-C81A-AF1A9D2E9A86}.Debug|x64.Build.0 = Debug|Any CPU
		{BED3D632-8F22-15A9-C81A-AF1A9D2E9A86}.Debug|x86.ActiveCfg = Debug|Any CPU
		{BED3D632-8F22-15A9-C81A-AF1A9D2E9A86}.Debug|x86.Build.0 = Debug|Any CPU
		{BED3D632-8F22-15A9-C81A-AF1A9D2E9A86}.Release|Any CPU.ActiveCfg = Release|Any CPU
		{BED3D632-8F22-15A9-C81A-AF1A9D2E9A86}.Release|Any CPU.Build.0 = Release|Any CPU
		{BED3D632-8F22-15A9-C81A-AF1A9D2E9A86}.Release|x64.ActiveCfg = Release|Any CPU
		{BED3D632-8F22-15A9-C81A-AF1A9D2E9A86}.Release|x64.Build.0 = Release|Any CPU
		{BED3D632-8F22-15A9-C81A-AF1A9D2E9A86}.Release|x86.ActiveCfg = Release|Any CPU
		{BED3D632-8F22-15A9-C81A-AF1A9D2E9A86}.Release|x86.Build.0 = Release|Any CPU
		{86CE05D2-D2CF-1ED1-23DD-8459FD9DE1DF}.Debug|Any CPU.ActiveCfg = Debug|Any CPU
		{86CE05D2-D2CF-1ED1-23DD-8459FD9DE1DF}.Debug|Any CPU.Build.0 = Debug|Any CPU
		{86CE05D2-D2CF-1ED1-23DD-8459FD9DE1DF}.Debug|x64.ActiveCfg = Debug|Any CPU
		{86CE05D2-D2CF-1ED1-23DD-8459FD9DE1DF}.Debug|x64.Build.0 = Debug|Any CPU
		{86CE05D2-D2CF-1ED1-23DD-8459FD9DE1DF}.Debug|x86.ActiveCfg = Debug|Any CPU
		{86CE05D2-D2CF-1ED1-23DD-8459FD9DE1DF}.Debug|x86.Build.0 = Debug|Any CPU
		{86CE05D2-D2CF-1ED1-23DD-8459FD9DE1DF}.Release|Any CPU.ActiveCfg = Release|Any CPU
		{86CE05D2-D2CF-1ED1-23DD-8459FD9DE1DF}.Release|Any CPU.Build.0 = Release|Any CPU
		{86CE05D2-D2CF-1ED1-23DD-8459FD9DE1DF}.Release|x64.ActiveCfg = Release|Any CPU
		{86CE05D2-D2CF-1ED1-23DD-8459FD9DE1DF}.Release|x64.Build.0 = Release|Any CPU
		{86CE05D2-D2CF-1ED1-23DD-8459FD9DE1DF}.Release|x86.ActiveCfg = Release|Any CPU
		{86CE05D2-D2CF-1ED1-23DD-8459FD9DE1DF}.Release|x86.Build.0 = Release|Any CPU
		{071656A5-1763-3519-9A79-441180AF7C1B}.Debug|Any CPU.ActiveCfg = Debug|Any CPU
		{071656A5-1763-3519-9A79-441180AF7C1B}.Debug|Any CPU.Build.0 = Debug|Any CPU
		{071656A5-1763-3519-9A79-441180AF7C1B}.Debug|x64.ActiveCfg = Debug|Any CPU
		{071656A5-1763-3519-9A79-441180AF7C1B}.Debug|x64.Build.0 = Debug|Any CPU
		{071656A5-1763-3519-9A79-441180AF7C1B}.Debug|x86.ActiveCfg = Debug|Any CPU
		{071656A5-1763-3519-9A79-441180AF7C1B}.Debug|x86.Build.0 = Debug|Any CPU
		{071656A5-1763-3519-9A79-441180AF7C1B}.Release|Any CPU.ActiveCfg = Release|Any CPU
		{071656A5-1763-3519-9A79-441180AF7C1B}.Release|Any CPU.Build.0 = Release|Any CPU
		{071656A5-1763-3519-9A79-441180AF7C1B}.Release|x64.ActiveCfg = Release|Any CPU
		{071656A5-1763-3519-9A79-441180AF7C1B}.Release|x64.Build.0 = Release|Any CPU
		{071656A5-1763-3519-9A79-441180AF7C1B}.Release|x86.ActiveCfg = Release|Any CPU
		{071656A5-1763-3519-9A79-441180AF7C1B}.Release|x86.Build.0 = Release|Any CPU
		{054BF138-27A1-0031-ED9D-7327000CABAC}.Debug|Any CPU.ActiveCfg = Debug|Any CPU
		{054BF138-27A1-0031-ED9D-7327000CABAC}.Debug|Any CPU.Build.0 = Debug|Any CPU
		{054BF138-27A1-0031-ED9D-7327000CABAC}.Debug|x64.ActiveCfg = Debug|Any CPU
		{054BF138-27A1-0031-ED9D-7327000CABAC}.Debug|x64.Build.0 = Debug|Any CPU
		{054BF138-27A1-0031-ED9D-7327000CABAC}.Debug|x86.ActiveCfg = Debug|Any CPU
		{054BF138-27A1-0031-ED9D-7327000CABAC}.Debug|x86.Build.0 = Debug|Any CPU
		{054BF138-27A1-0031-ED9D-7327000CABAC}.Release|Any CPU.ActiveCfg = Release|Any CPU
		{054BF138-27A1-0031-ED9D-7327000CABAC}.Release|Any CPU.Build.0 = Release|Any CPU
		{054BF138-27A1-0031-ED9D-7327000CABAC}.Release|x64.ActiveCfg = Release|Any CPU
		{054BF138-27A1-0031-ED9D-7327000CABAC}.Release|x64.Build.0 = Release|Any CPU
		{054BF138-27A1-0031-ED9D-7327000CABAC}.Release|x86.ActiveCfg = Release|Any CPU
		{054BF138-27A1-0031-ED9D-7327000CABAC}.Release|x86.Build.0 = Release|Any CPU
		{88FD7C21-78EC-9CEA-633D-397F60AC407B}.Debug|Any CPU.ActiveCfg = Debug|Any CPU
		{88FD7C21-78EC-9CEA-633D-397F60AC407B}.Debug|Any CPU.Build.0 = Debug|Any CPU
		{88FD7C21-78EC-9CEA-633D-397F60AC407B}.Debug|x64.ActiveCfg = Debug|Any CPU
		{88FD7C21-78EC-9CEA-633D-397F60AC407B}.Debug|x64.Build.0 = Debug|Any CPU
		{88FD7C21-78EC-9CEA-633D-397F60AC407B}.Debug|x86.ActiveCfg = Debug|Any CPU
		{88FD7C21-78EC-9CEA-633D-397F60AC407B}.Debug|x86.Build.0 = Debug|Any CPU
		{88FD7C21-78EC-9CEA-633D-397F60AC407B}.Release|Any CPU.ActiveCfg = Release|Any CPU
		{88FD7C21-78EC-9CEA-633D-397F60AC407B}.Release|Any CPU.Build.0 = Release|Any CPU
		{88FD7C21-78EC-9CEA-633D-397F60AC407B}.Release|x64.ActiveCfg = Release|Any CPU
		{88FD7C21-78EC-9CEA-633D-397F60AC407B}.Release|x64.Build.0 = Release|Any CPU
		{88FD7C21-78EC-9CEA-633D-397F60AC407B}.Release|x86.ActiveCfg = Release|Any CPU
		{88FD7C21-78EC-9CEA-633D-397F60AC407B}.Release|x86.Build.0 = Release|Any CPU
		{C58C4B9F-34F8-139A-E6C1-073701F28D0E}.Debug|Any CPU.ActiveCfg = Debug|Any CPU
		{C58C4B9F-34F8-139A-E6C1-073701F28D0E}.Debug|Any CPU.Build.0 = Debug|Any CPU
		{C58C4B9F-34F8-139A-E6C1-073701F28D0E}.Debug|x64.ActiveCfg = Debug|Any CPU
		{C58C4B9F-34F8-139A-E6C1-073701F28D0E}.Debug|x64.Build.0 = Debug|Any CPU
		{C58C4B9F-34F8-139A-E6C1-073701F28D0E}.Debug|x86.ActiveCfg = Debug|Any CPU
		{C58C4B9F-34F8-139A-E6C1-073701F28D0E}.Debug|x86.Build.0 = Debug|Any CPU
		{C58C4B9F-34F8-139A-E6C1-073701F28D0E}.Release|Any CPU.ActiveCfg = Release|Any CPU
		{C58C4B9F-34F8-139A-E6C1-073701F28D0E}.Release|Any CPU.Build.0 = Release|Any CPU
		{C58C4B9F-34F8-139A-E6C1-073701F28D0E}.Release|x64.ActiveCfg = Release|Any CPU
		{C58C4B9F-34F8-139A-E6C1-073701F28D0E}.Release|x64.Build.0 = Release|Any CPU
		{C58C4B9F-34F8-139A-E6C1-073701F28D0E}.Release|x86.ActiveCfg = Release|Any CPU
		{C58C4B9F-34F8-139A-E6C1-073701F28D0E}.Release|x86.Build.0 = Release|Any CPU
		{B7CA1198-CDC1-4243-9933-B3EC6CA081B1}.Debug|Any CPU.ActiveCfg = Debug|Any CPU
		{B7CA1198-CDC1-4243-9933-B3EC6CA081B1}.Debug|Any CPU.Build.0 = Debug|Any CPU
		{B7CA1198-CDC1-4243-9933-B3EC6CA081B1}.Debug|x64.ActiveCfg = Debug|Any CPU
		{B7CA1198-CDC1-4243-9933-B3EC6CA081B1}.Debug|x64.Build.0 = Debug|Any CPU
		{B7CA1198-CDC1-4243-9933-B3EC6CA081B1}.Debug|x86.ActiveCfg = Debug|Any CPU
		{B7CA1198-CDC1-4243-9933-B3EC6CA081B1}.Debug|x86.Build.0 = Debug|Any CPU
		{B7CA1198-CDC1-4243-9933-B3EC6CA081B1}.Release|Any CPU.ActiveCfg = Release|Any CPU
		{B7CA1198-CDC1-4243-9933-B3EC6CA081B1}.Release|Any CPU.Build.0 = Release|Any CPU
		{B7CA1198-CDC1-4243-9933-B3EC6CA081B1}.Release|x64.ActiveCfg = Release|Any CPU
		{B7CA1198-CDC1-4243-9933-B3EC6CA081B1}.Release|x64.Build.0 = Release|Any CPU
		{B7CA1198-CDC1-4243-9933-B3EC6CA081B1}.Release|x86.ActiveCfg = Release|Any CPU
		{B7CA1198-CDC1-4243-9933-B3EC6CA081B1}.Release|x86.Build.0 = Release|Any CPU
		{F1F2F3F4-F5F6-F7F8-F9FA-FBFCFDFEFF00}.Debug|Any CPU.ActiveCfg = Debug|Any CPU
		{F1F2F3F4-F5F6-F7F8-F9FA-FBFCFDFEFF00}.Debug|Any CPU.Build.0 = Debug|Any CPU
		{F1F2F3F4-F5F6-F7F8-F9FA-FBFCFDFEFF00}.Debug|x64.ActiveCfg = Debug|Any CPU
		{F1F2F3F4-F5F6-F7F8-F9FA-FBFCFDFEFF00}.Debug|x64.Build.0 = Debug|Any CPU
		{F1F2F3F4-F5F6-F7F8-F9FA-FBFCFDFEFF00}.Debug|x86.ActiveCfg = Debug|Any CPU
		{F1F2F3F4-F5F6-F7F8-F9FA-FBFCFDFEFF00}.Debug|x86.Build.0 = Debug|Any CPU
		{F1F2F3F4-F5F6-F7F8-F9FA-FBFCFDFEFF00}.Release|Any CPU.ActiveCfg = Release|Any CPU
		{F1F2F3F4-F5F6-F7F8-F9FA-FBFCFDFEFF00}.Release|Any CPU.Build.0 = Release|Any CPU
		{F1F2F3F4-F5F6-F7F8-F9FA-FBFCFDFEFF00}.Release|x64.ActiveCfg = Release|Any CPU
		{F1F2F3F4-F5F6-F7F8-F9FA-FBFCFDFEFF00}.Release|x64.Build.0 = Release|Any CPU
		{F1F2F3F4-F5F6-F7F8-F9FA-FBFCFDFEFF00}.Release|x86.ActiveCfg = Release|Any CPU
		{F1F2F3F4-F5F6-F7F8-F9FA-FBFCFDFEFF00}.Release|x86.Build.0 = Release|Any CPU
		{7D354EDE-68D2-77AA-8C85-A8EA85C606B8}.Debug|x64.ActiveCfg = Debug|Any CPU
		{7D354EDE-68D2-77AA-8C85-A8EA85C606B8}.Debug|x64.Build.0 = Debug|Any CPU
		{7D354EDE-68D2-77AA-8C85-A8EA85C606B8}.Debug|x86.ActiveCfg = Debug|Any CPU
		{7D354EDE-68D2-77AA-8C85-A8EA85C606B8}.Debug|x86.Build.0 = Debug|Any CPU
		{7D354EDE-68D2-77AA-8C85-A8EA85C606B8}.Release|Any CPU.ActiveCfg = Release|Any CPU
		{7D354EDE-68D2-77AA-8C85-A8EA85C606B8}.Release|Any CPU.Build.0 = Release|Any CPU
		{7D354EDE-68D2-77AA-8C85-A8EA85C606B8}.Release|x64.ActiveCfg = Release|Any CPU
		{7D354EDE-68D2-77AA-8C85-A8EA85C606B8}.Release|x64.Build.0 = Release|Any CPU
		{7D354EDE-68D2-77AA-8C85-A8EA85C606B8}.Release|x86.ActiveCfg = Release|Any CPU
		{7D354EDE-68D2-77AA-8C85-A8EA85C606B8}.Release|x86.Build.0 = Release|Any CPU
		{76CDB4B8-B987-9AA8-0BC7-E6E1FCDA72CE}.Debug|Any CPU.ActiveCfg = Debug|Any CPU
		{76CDB4B8-B987-9AA8-0BC7-E6E1FCDA72CE}.Debug|Any CPU.Build.0 = Debug|Any CPU
		{76CDB4B8-B987-9AA8-0BC7-E6E1FCDA72CE}.Debug|x64.ActiveCfg = Debug|Any CPU
		{76CDB4B8-B987-9AA8-0BC7-E6E1FCDA72CE}.Debug|x64.Build.0 = Debug|Any CPU
		{76CDB4B8-B987-9AA8-0BC7-E6E1FCDA72CE}.Debug|x86.ActiveCfg = Debug|Any CPU
		{76CDB4B8-B987-9AA8-0BC7-E6E1FCDA72CE}.Debug|x86.Build.0 = Debug|Any CPU
		{76CDB4B8-B987-9AA8-0BC7-E6E1FCDA72CE}.Release|Any CPU.ActiveCfg = Release|Any CPU
		{76CDB4B8-B987-9AA8-0BC7-E6E1FCDA72CE}.Release|Any CPU.Build.0 = Release|Any CPU
		{76CDB4B8-B987-9AA8-0BC7-E6E1FCDA72CE}.Release|x64.ActiveCfg = Release|Any CPU
		{76CDB4B8-B987-9AA8-0BC7-E6E1FCDA72CE}.Release|x64.Build.0 = Release|Any CPU
		{76CDB4B8-B987-9AA8-0BC7-E6E1FCDA72CE}.Release|x86.ActiveCfg = Release|Any CPU
		{76CDB4B8-B987-9AA8-0BC7-E6E1FCDA72CE}.Release|x86.Build.0 = Release|Any CPU
		{25E5B15F-6824-601B-A2A2-B1EE2BEF1328}.Debug|Any CPU.ActiveCfg = Debug|Any CPU
		{25E5B15F-6824-601B-A2A2-B1EE2BEF1328}.Debug|Any CPU.Build.0 = Debug|Any CPU
		{25E5B15F-6824-601B-A2A2-B1EE2BEF1328}.Debug|x64.ActiveCfg = Debug|Any CPU
		{25E5B15F-6824-601B-A2A2-B1EE2BEF1328}.Debug|x64.Build.0 = Debug|Any CPU
		{25E5B15F-6824-601B-A2A2-B1EE2BEF1328}.Debug|x86.ActiveCfg = Debug|Any CPU
		{25E5B15F-6824-601B-A2A2-B1EE2BEF1328}.Debug|x86.Build.0 = Debug|Any CPU
		{25E5B15F-6824-601B-A2A2-B1EE2BEF1328}.Release|Any CPU.ActiveCfg = Release|Any CPU
		{25E5B15F-6824-601B-A2A2-B1EE2BEF1328}.Release|Any CPU.Build.0 = Release|Any CPU
		{25E5B15F-6824-601B-A2A2-B1EE2BEF1328}.Release|x64.ActiveCfg = Release|Any CPU
		{25E5B15F-6824-601B-A2A2-B1EE2BEF1328}.Release|x64.Build.0 = Release|Any CPU
		{25E5B15F-6824-601B-A2A2-B1EE2BEF1328}.Release|x86.ActiveCfg = Release|Any CPU
		{25E5B15F-6824-601B-A2A2-B1EE2BEF1328}.Release|x86.Build.0 = Release|Any CPU
		{1701B8FF-7FE9-9002-7ECF-AA152A82F2BD}.Debug|Any CPU.ActiveCfg = Debug|Any CPU
		{1701B8FF-7FE9-9002-7ECF-AA152A82F2BD}.Debug|Any CPU.Build.0 = Debug|Any CPU
		{1701B8FF-7FE9-9002-7ECF-AA152A82F2BD}.Debug|x64.ActiveCfg = Debug|Any CPU
		{1701B8FF-7FE9-9002-7ECF-AA152A82F2BD}.Debug|x64.Build.0 = Debug|Any CPU
		{1701B8FF-7FE9-9002-7ECF-AA152A82F2BD}.Debug|x86.ActiveCfg = Debug|Any CPU
		{1701B8FF-7FE9-9002-7ECF-AA152A82F2BD}.Debug|x86.Build.0 = Debug|Any CPU
		{1701B8FF-7FE9-9002-7ECF-AA152A82F2BD}.Release|Any CPU.ActiveCfg = Release|Any CPU
		{1701B8FF-7FE9-9002-7ECF-AA152A82F2BD}.Release|Any CPU.Build.0 = Release|Any CPU
		{1701B8FF-7FE9-9002-7ECF-AA152A82F2BD}.Release|x64.ActiveCfg = Release|Any CPU
		{1701B8FF-7FE9-9002-7ECF-AA152A82F2BD}.Release|x64.Build.0 = Release|Any CPU
		{1701B8FF-7FE9-9002-7ECF-AA152A82F2BD}.Release|x86.ActiveCfg = Release|Any CPU
		{1701B8FF-7FE9-9002-7ECF-AA152A82F2BD}.Release|x86.Build.0 = Release|Any CPU
		{86CE05D2-D2CF-1ED1-23DD-8459FD9DE1DF}.Debug|Any CPU.ActiveCfg = Debug|Any CPU
		{86CE05D2-D2CF-1ED1-23DD-8459FD9DE1DF}.Debug|Any CPU.Build.0 = Debug|Any CPU
		{86CE05D2-D2CF-1ED1-23DD-8459FD9DE1DF}.Debug|x64.ActiveCfg = Debug|Any CPU
		{86CE05D2-D2CF-1ED1-23DD-8459FD9DE1DF}.Debug|x64.Build.0 = Debug|Any CPU
		{86CE05D2-D2CF-1ED1-23DD-8459FD9DE1DF}.Debug|x86.ActiveCfg = Debug|Any CPU
		{86CE05D2-D2CF-1ED1-23DD-8459FD9DE1DF}.Debug|x86.Build.0 = Debug|Any CPU
		{86CE05D2-D2CF-1ED1-23DD-8459FD9DE1DF}.Release|Any CPU.ActiveCfg = Release|Any CPU
		{86CE05D2-D2CF-1ED1-23DD-8459FD9DE1DF}.Release|Any CPU.Build.0 = Release|Any CPU
		{86CE05D2-D2CF-1ED1-23DD-8459FD9DE1DF}.Release|x64.ActiveCfg = Release|Any CPU
		{86CE05D2-D2CF-1ED1-23DD-8459FD9DE1DF}.Release|x64.Build.0 = Release|Any CPU
		{86CE05D2-D2CF-1ED1-23DD-8459FD9DE1DF}.Release|x86.ActiveCfg = Release|Any CPU
		{86CE05D2-D2CF-1ED1-23DD-8459FD9DE1DF}.Release|x86.Build.0 = Release|Any CPU
		{2805D6DE-5C0E-96A7-2332-4D24AAAD3581}.Debug|Any CPU.ActiveCfg = Debug|Any CPU
		{2805D6DE-5C0E-96A7-2332-4D24AAAD3581}.Debug|Any CPU.Build.0 = Debug|Any CPU
		{2805D6DE-5C0E-96A7-2332-4D24AAAD3581}.Debug|x64.ActiveCfg = Debug|Any CPU
		{2805D6DE-5C0E-96A7-2332-4D24AAAD3581}.Debug|x64.Build.0 = Debug|Any CPU
		{2805D6DE-5C0E-96A7-2332-4D24AAAD3581}.Debug|x86.ActiveCfg = Debug|Any CPU
		{2805D6DE-5C0E-96A7-2332-4D24AAAD3581}.Debug|x86.Build.0 = Debug|Any CPU
		{2805D6DE-5C0E-96A7-2332-4D24AAAD3581}.Release|Any CPU.ActiveCfg = Release|Any CPU
		{2805D6DE-5C0E-96A7-2332-4D24AAAD3581}.Release|Any CPU.Build.0 = Release|Any CPU
		{2805D6DE-5C0E-96A7-2332-4D24AAAD3581}.Release|x64.ActiveCfg = Release|Any CPU
		{2805D6DE-5C0E-96A7-2332-4D24AAAD3581}.Release|x64.Build.0 = Release|Any CPU
		{2805D6DE-5C0E-96A7-2332-4D24AAAD3581}.Release|x86.ActiveCfg = Release|Any CPU
		{2805D6DE-5C0E-96A7-2332-4D24AAAD3581}.Release|x86.Build.0 = Release|Any CPU
		{74F845A6-D367-0331-2D58-D6604B4E8DAD}.Debug|Any CPU.ActiveCfg = Debug|Any CPU
		{74F845A6-D367-0331-2D58-D6604B4E8DAD}.Debug|Any CPU.Build.0 = Debug|Any CPU
		{74F845A6-D367-0331-2D58-D6604B4E8DAD}.Debug|x64.ActiveCfg = Debug|Any CPU
		{74F845A6-D367-0331-2D58-D6604B4E8DAD}.Debug|x64.Build.0 = Debug|Any CPU
		{74F845A6-D367-0331-2D58-D6604B4E8DAD}.Debug|x86.ActiveCfg = Debug|Any CPU
		{74F845A6-D367-0331-2D58-D6604B4E8DAD}.Debug|x86.Build.0 = Debug|Any CPU
		{74F845A6-D367-0331-2D58-D6604B4E8DAD}.Release|Any CPU.ActiveCfg = Release|Any CPU
		{74F845A6-D367-0331-2D58-D6604B4E8DAD}.Release|Any CPU.Build.0 = Release|Any CPU
		{74F845A6-D367-0331-2D58-D6604B4E8DAD}.Release|x64.ActiveCfg = Release|Any CPU
		{74F845A6-D367-0331-2D58-D6604B4E8DAD}.Release|x64.Build.0 = Release|Any CPU
		{74F845A6-D367-0331-2D58-D6604B4E8DAD}.Release|x86.ActiveCfg = Release|Any CPU
		{74F845A6-D367-0331-2D58-D6604B4E8DAD}.Release|x86.Build.0 = Release|Any CPU
		{BED3D632-8F22-15A9-C81A-AF1A9D2E9A86}.Debug|Any CPU.ActiveCfg = Debug|Any CPU
		{BED3D632-8F22-15A9-C81A-AF1A9D2E9A86}.Debug|Any CPU.Build.0 = Debug|Any CPU
		{BED3D632-8F22-15A9-C81A-AF1A9D2E9A86}.Debug|x64.ActiveCfg = Debug|Any CPU
		{BED3D632-8F22-15A9-C81A-AF1A9D2E9A86}.Debug|x64.Build.0 = Debug|Any CPU
		{BED3D632-8F22-15A9-C81A-AF1A9D2E9A86}.Debug|x86.ActiveCfg = Debug|Any CPU
		{BED3D632-8F22-15A9-C81A-AF1A9D2E9A86}.Debug|x86.Build.0 = Debug|Any CPU
		{BED3D632-8F22-15A9-C81A-AF1A9D2E9A86}.Release|Any CPU.ActiveCfg = Release|Any CPU
		{BED3D632-8F22-15A9-C81A-AF1A9D2E9A86}.Release|Any CPU.Build.0 = Release|Any CPU
		{BED3D632-8F22-15A9-C81A-AF1A9D2E9A86}.Release|x64.ActiveCfg = Release|Any CPU
		{BED3D632-8F22-15A9-C81A-AF1A9D2E9A86}.Release|x64.Build.0 = Release|Any CPU
		{BED3D632-8F22-15A9-C81A-AF1A9D2E9A86}.Release|x86.ActiveCfg = Release|Any CPU
		{BED3D632-8F22-15A9-C81A-AF1A9D2E9A86}.Release|x86.Build.0 = Release|Any CPU
		{C58C4B9F-34F8-139A-E6C1-073701F28D0E}.Debug|Any CPU.ActiveCfg = Debug|Any CPU
		{C58C4B9F-34F8-139A-E6C1-073701F28D0E}.Debug|Any CPU.Build.0 = Debug|Any CPU
		{C58C4B9F-34F8-139A-E6C1-073701F28D0E}.Debug|x64.ActiveCfg = Debug|Any CPU
		{C58C4B9F-34F8-139A-E6C1-073701F28D0E}.Debug|x64.Build.0 = Debug|Any CPU
		{C58C4B9F-34F8-139A-E6C1-073701F28D0E}.Debug|x86.ActiveCfg = Debug|Any CPU
		{C58C4B9F-34F8-139A-E6C1-073701F28D0E}.Debug|x86.Build.0 = Debug|Any CPU
		{C58C4B9F-34F8-139A-E6C1-073701F28D0E}.Release|Any CPU.ActiveCfg = Release|Any CPU
		{C58C4B9F-34F8-139A-E6C1-073701F28D0E}.Release|Any CPU.Build.0 = Release|Any CPU
		{C58C4B9F-34F8-139A-E6C1-073701F28D0E}.Release|x64.ActiveCfg = Release|Any CPU
		{C58C4B9F-34F8-139A-E6C1-073701F28D0E}.Release|x64.Build.0 = Release|Any CPU
		{C58C4B9F-34F8-139A-E6C1-073701F28D0E}.Release|x86.ActiveCfg = Release|Any CPU
		{C58C4B9F-34F8-139A-E6C1-073701F28D0E}.Release|x86.Build.0 = Release|Any CPU
		{054BF138-27A1-0031-ED9D-7327000CABAC}.Debug|Any CPU.ActiveCfg = Debug|Any CPU
		{054BF138-27A1-0031-ED9D-7327000CABAC}.Debug|Any CPU.Build.0 = Debug|Any CPU
		{054BF138-27A1-0031-ED9D-7327000CABAC}.Debug|x64.ActiveCfg = Debug|Any CPU
		{054BF138-27A1-0031-ED9D-7327000CABAC}.Debug|x64.Build.0 = Debug|Any CPU
		{054BF138-27A1-0031-ED9D-7327000CABAC}.Debug|x86.ActiveCfg = Debug|Any CPU
		{054BF138-27A1-0031-ED9D-7327000CABAC}.Debug|x86.Build.0 = Debug|Any CPU
		{054BF138-27A1-0031-ED9D-7327000CABAC}.Release|Any CPU.ActiveCfg = Release|Any CPU
		{054BF138-27A1-0031-ED9D-7327000CABAC}.Release|Any CPU.Build.0 = Release|Any CPU
		{054BF138-27A1-0031-ED9D-7327000CABAC}.Release|x64.ActiveCfg = Release|Any CPU
		{054BF138-27A1-0031-ED9D-7327000CABAC}.Release|x64.Build.0 = Release|Any CPU
		{054BF138-27A1-0031-ED9D-7327000CABAC}.Release|x86.ActiveCfg = Release|Any CPU
		{054BF138-27A1-0031-ED9D-7327000CABAC}.Release|x86.Build.0 = Release|Any CPU
		{071656A5-1763-3519-9A79-441180AF7C1B}.Debug|Any CPU.ActiveCfg = Debug|Any CPU
		{071656A5-1763-3519-9A79-441180AF7C1B}.Debug|Any CPU.Build.0 = Debug|Any CPU
		{071656A5-1763-3519-9A79-441180AF7C1B}.Debug|x64.ActiveCfg = Debug|Any CPU
		{071656A5-1763-3519-9A79-441180AF7C1B}.Debug|x64.Build.0 = Debug|Any CPU
		{071656A5-1763-3519-9A79-441180AF7C1B}.Debug|x86.ActiveCfg = Debug|Any CPU
		{071656A5-1763-3519-9A79-441180AF7C1B}.Debug|x86.Build.0 = Debug|Any CPU
		{071656A5-1763-3519-9A79-441180AF7C1B}.Release|Any CPU.ActiveCfg = Release|Any CPU
		{071656A5-1763-3519-9A79-441180AF7C1B}.Release|Any CPU.Build.0 = Release|Any CPU
		{071656A5-1763-3519-9A79-441180AF7C1B}.Release|x64.ActiveCfg = Release|Any CPU
		{071656A5-1763-3519-9A79-441180AF7C1B}.Release|x64.Build.0 = Release|Any CPU
		{071656A5-1763-3519-9A79-441180AF7C1B}.Release|x86.ActiveCfg = Release|Any CPU
		{071656A5-1763-3519-9A79-441180AF7C1B}.Release|x86.Build.0 = Release|Any CPU
		{88FD7C21-78EC-9CEA-633D-397F60AC407B}.Debug|Any CPU.ActiveCfg = Debug|Any CPU
		{88FD7C21-78EC-9CEA-633D-397F60AC407B}.Debug|Any CPU.Build.0 = Debug|Any CPU
		{88FD7C21-78EC-9CEA-633D-397F60AC407B}.Debug|x64.ActiveCfg = Debug|Any CPU
		{88FD7C21-78EC-9CEA-633D-397F60AC407B}.Debug|x64.Build.0 = Debug|Any CPU
		{88FD7C21-78EC-9CEA-633D-397F60AC407B}.Debug|x86.ActiveCfg = Debug|Any CPU
		{88FD7C21-78EC-9CEA-633D-397F60AC407B}.Debug|x86.Build.0 = Debug|Any CPU
		{88FD7C21-78EC-9CEA-633D-397F60AC407B}.Release|Any CPU.ActiveCfg = Release|Any CPU
		{88FD7C21-78EC-9CEA-633D-397F60AC407B}.Release|Any CPU.Build.0 = Release|Any CPU
		{88FD7C21-78EC-9CEA-633D-397F60AC407B}.Release|x64.ActiveCfg = Release|Any CPU
		{88FD7C21-78EC-9CEA-633D-397F60AC407B}.Release|x64.Build.0 = Release|Any CPU
		{88FD7C21-78EC-9CEA-633D-397F60AC407B}.Release|x86.ActiveCfg = Release|Any CPU
		{88FD7C21-78EC-9CEA-633D-397F60AC407B}.Release|x86.Build.0 = Release|Any CPU
		{B7CA1198-CDC1-4243-9933-B3EC6CA081B1}.Debug|Any CPU.ActiveCfg = Debug|Any CPU
		{B7CA1198-CDC1-4243-9933-B3EC6CA081B1}.Debug|Any CPU.Build.0 = Debug|Any CPU
		{B7CA1198-CDC1-4243-9933-B3EC6CA081B1}.Debug|x64.ActiveCfg = Debug|Any CPU
		{B7CA1198-CDC1-4243-9933-B3EC6CA081B1}.Debug|x64.Build.0 = Debug|Any CPU
		{B7CA1198-CDC1-4243-9933-B3EC6CA081B1}.Debug|x86.ActiveCfg = Debug|Any CPU
		{B7CA1198-CDC1-4243-9933-B3EC6CA081B1}.Debug|x86.Build.0 = Debug|Any CPU
		{B7CA1198-CDC1-4243-9933-B3EC6CA081B1}.Release|Any CPU.ActiveCfg = Release|Any CPU
		{B7CA1198-CDC1-4243-9933-B3EC6CA081B1}.Release|Any CPU.Build.0 = Release|Any CPU
		{B7CA1198-CDC1-4243-9933-B3EC6CA081B1}.Release|x64.ActiveCfg = Release|Any CPU
		{B7CA1198-CDC1-4243-9933-B3EC6CA081B1}.Release|x64.Build.0 = Release|Any CPU
		{B7CA1198-CDC1-4243-9933-B3EC6CA081B1}.Release|x86.ActiveCfg = Release|Any CPU
		{B7CA1198-CDC1-4243-9933-B3EC6CA081B1}.Release|x86.Build.0 = Release|Any CPU
	EndGlobalSection
	GlobalSection(SolutionProperties) = preSolution
		HideSolutionNode = FALSE
	EndGlobalSection
	GlobalSection(NestedProjects) = preSolution
		{F1B2C3D4-5678-9ABC-DEF0-123456789ABC} = {827E0CD3-B72D-47B6-A68D-7590B98EB39B}
		{A1B2C3D4-5678-9ABC-DEF0-123456789DEF} = {F1B2C3D4-5678-9ABC-DEF0-123456789ABC}
		{B1B2C3D4-5678-9ABC-DEF0-123456789DEF} = {F1B2C3D4-5678-9ABC-DEF0-123456789ABC}
		{C1B2C3D4-5678-9ABC-DEF0-123456789DEF} = {F1B2C3D4-5678-9ABC-DEF0-123456789ABC}
		{D1B2C3D4-5678-9ABC-DEF0-123456789DEF} = {827E0CD3-B72D-47B6-A68D-7590B98EB39B}
		{6306A8FB-679E-111F-6585-8F70E0EE6013} = {827E0CD3-B72D-47B6-A68D-7590B98EB39B}
		{E1B2C3D4-5678-9ABC-DEF0-123456789DEF} = {827E0CD3-B72D-47B6-A68D-7590B98EB39B}
		{495B7818-4D63-5BD5-F733-277A2F628629} = {D1B2C3D4-5678-9ABC-DEF0-123456789DEF}
		{C31085D7-251E-AA7B-C206-391506F7C005} = {D1B2C3D4-5678-9ABC-DEF0-123456789DEF}
		{7610D175-E02E-6378-855D-522A753908A2} = {D1B2C3D4-5678-9ABC-DEF0-123456789DEF}
		{25E5B15F-6824-601B-A2A2-B1EE2BEF1328} = {A1B2C3D4-5678-9ABC-DEF0-123456789DEF}
		{76CDB4B8-B987-9AA8-0BC7-E6E1FCDA72CE} = {A1B2C3D4-5678-9ABC-DEF0-123456789DEF}
		{1701B8FF-7FE9-9002-7ECF-AA152A82F2BD} = {A1B2C3D4-5678-9ABC-DEF0-123456789DEF}
		{7D354EDE-68D2-77AA-8C85-A8EA85C606B8} = {A1B2C3D4-5678-9ABC-DEF0-123456789DEF}
		{74F845A6-D367-0331-2D58-D6604B4E8DAD} = {B1B2C3D4-5678-9ABC-DEF0-123456789DEF}
		{2805D6DE-5C0E-96A7-2332-4D24AAAD3581} = {B1B2C3D4-5678-9ABC-DEF0-123456789DEF}
		{BED3D632-8F22-15A9-C81A-AF1A9D2E9A86} = {B1B2C3D4-5678-9ABC-DEF0-123456789DEF}
		{86CE05D2-D2CF-1ED1-23DD-8459FD9DE1DF} = {B1B2C3D4-5678-9ABC-DEF0-123456789DEF}
		{071656A5-1763-3519-9A79-441180AF7C1B} = {C1B2C3D4-5678-9ABC-DEF0-123456789DEF}
		{054BF138-27A1-0031-ED9D-7327000CABAC} = {C1B2C3D4-5678-9ABC-DEF0-123456789DEF}
		{88FD7C21-78EC-9CEA-633D-397F60AC407B} = {C1B2C3D4-5678-9ABC-DEF0-123456789DEF}
		{C58C4B9F-34F8-139A-E6C1-073701F28D0E} = {C1B2C3D4-5678-9ABC-DEF0-123456789DEF}
		{B7CA1198-CDC1-4243-9933-B3EC6CA081B1} = {6306A8FB-679E-111F-6585-8F70E0EE6013}
		{F1F2F3F4-F5F6-F7F8-F9FA-FBFCFDFEFF00} = {E1B2C3D4-5678-9ABC-DEF0-123456789DEF}
	EndGlobalSection
EndGlobal
